
Microsoft Visual Studio Solution File, Format Version 12.00
# Visual Studio Version 17
VisualStudioVersion = 17.11.35312.102
MinimumVisualStudioVersion = 10.0.40219.1
Project("{FAE04EC0-301F-11D3-BF4B-00C04F79EFBC}") = "test1", "test1\test1.csproj", "{E0049169-86A1-41A8-A610-07A53CED082E}"
EndProject
Global
	GlobalSection(SolutionConfigurationPlatforms) = preSolution
		Debug|Any CPU = Debug|Any CPU
		Release|Any CPU = Release|Any CPU
	EndGlobalSection
	GlobalSection(ProjectConfigurationPlatforms) = postSolution
		{E0049169-86A1-41A8-A610-07A53CED082E}.Debug|Any CPU.ActiveCfg = Debug|Any CPU
		{E0049169-86A1-41A8-A610-07A53CED082E}.Debug|Any CPU.Build.0 = Debug|Any CPU
		{E0049169-86A1-41A8-A610-07A53CED082E}.Release|Any CPU.ActiveCfg = Release|Any CPU
		{E0049169-86A1-41A8-A610-07A53CED082E}.Release|Any CPU.Build.0 = Release|Any CPU
	EndGlobalSection
	GlobalSection(SolutionProperties) = preSolution
		HideSolutionNode = FALSE
	EndGlobalSection
	GlobalSection(ExtensibilityGlobals) = postSolution
		SolutionGuid = {14D769B2-8EF7-42F4-B02E-3C98B576184F}
	EndGlobalSection
EndGlobal
